
Microsoft Visual Studio Solution File, Format Version 12.00
# Visual Studio 14
VisualStudioVersion = 14.0.25420.1
MinimumVisualStudioVersion = 10.0.40219.1
Project("{FAE04EC0-301F-11D3-BF4B-00C04F79EFBC}") = "TestProject", "TestProject\TestProject.csproj", "{C8CCECE5-AF83-4C41-AD70-DB38E413C11B}"
EndProject
Project("{FAE04EC0-301F-11D3-BF4B-00C04F79EFBC}") = "EmpleadoAppRepository", "Repository\EmpleadoAppRepository.csproj", "{6DE8CC3B-8DD1-4E19-B656-A5761C576DD7}"
EndProject
Project("{FAE04EC0-301F-11D3-BF4B-00C04F79EFBC}") = "EmpleadoApp.Model", "EmpleadoApp.Model\EmpleadoApp.Model.csproj", "{5E6D05AB-F72D-4A9B-9A63-51DD43517000}"
EndProject
Project("{FAE04EC0-301F-11D3-BF4B-00C04F79EFBC}") = "EmpleadoApp.Service", "Empleado.Service\EmpleadoApp.Service.csproj", "{5EEB68EA-C96B-423E-9184-5626B692E8A9}"
EndProject
Global
	GlobalSection(SolutionConfigurationPlatforms) = preSolution
		Debug|Any CPU = Debug|Any CPU
		Release|Any CPU = Release|Any CPU
	EndGlobalSection
	GlobalSection(ProjectConfigurationPlatforms) = postSolution
		{C8CCECE5-AF83-4C41-AD70-DB38E413C11B}.Debug|Any CPU.ActiveCfg = Debug|Any CPU
		{C8CCECE5-AF83-4C41-AD70-DB38E413C11B}.Debug|Any CPU.Build.0 = Debug|Any CPU
		{C8CCECE5-AF83-4C41-AD70-DB38E413C11B}.Release|Any CPU.ActiveCfg = Release|Any CPU
		{C8CCECE5-AF83-4C41-AD70-DB38E413C11B}.Release|Any CPU.Build.0 = Release|Any CPU
		{6DE8CC3B-8DD1-4E19-B656-A5761C576DD7}.Debug|Any CPU.ActiveCfg = Debug|Any CPU
		{6DE8CC3B-8DD1-4E19-B656-A5761C576DD7}.Debug|Any CPU.Build.0 = Debug|Any CPU
		{6DE8CC3B-8DD1-4E19-B656-A5761C576DD7}.Release|Any CPU.ActiveCfg = Release|Any CPU
		{6DE8CC3B-8DD1-4E19-B656-A5761C576DD7}.Release|Any CPU.Build.0 = Release|Any CPU
		{5E6D05AB-F72D-4A9B-9A63-51DD43517000}.Debug|Any CPU.ActiveCfg = Debug|Any CPU
		{5E6D05AB-F72D-4A9B-9A63-51DD43517000}.Debug|Any CPU.Build.0 = Debug|Any CPU
		{5E6D05AB-F72D-4A9B-9A63-51DD43517000}.Release|Any CPU.ActiveCfg = Release|Any CPU
		{5E6D05AB-F72D-4A9B-9A63-51DD43517000}.Release|Any CPU.Build.0 = Release|Any CPU
		{5EEB68EA-C96B-423E-9184-5626B692E8A9}.Debug|Any CPU.ActiveCfg = Debug|Any CPU
		{5EEB68EA-C96B-423E-9184-5626B692E8A9}.Debug|Any CPU.Build.0 = Debug|Any CPU
		{5EEB68EA-C96B-423E-9184-5626B692E8A9}.Release|Any CPU.ActiveCfg = Release|Any CPU
		{5EEB68EA-C96B-423E-9184-5626B692E8A9}.Release|Any CPU.Build.0 = Release|Any CPU
	EndGlobalSection
	GlobalSection(SolutionProperties) = preSolution
		HideSolutionNode = FALSE
	EndGlobalSection
EndGlobal
